
Microsoft Visual Studio Solution File, Format Version 12.00
# Visual Studio Version 17
VisualStudioVersion = 17.0.31903.59
MinimumVisualStudioVersion = 10.0.40219.1
Project("{FAE04EC0-301F-11D3-BF4B-00C04F79EFBC}") = "s13con", "s13con\s13con.csproj", "{543E1861-23F5-4C9F-A394-EE88E0627012}"
EndProject
Project("{FAE04EC0-301F-11D3-BF4B-00C04F79EFBC}") = "s13con.Test", "s13con.Test\s13con.Test.csproj", "{FDF651AF-4D2C-46C7-8D9A-9CD14B4A664A}"
EndProject
Global
	GlobalSection(SolutionConfigurationPlatforms) = preSolution
		Debug|Any CPU = Debug|Any CPU
		Release|Any CPU = Release|Any CPU
	EndGlobalSection
	GlobalSection(SolutionProperties) = preSolution
		HideSolutionNode = FALSE
	EndGlobalSection
	GlobalSection(ProjectConfigurationPlatforms) = postSolution
		{543E1861-23F5-4C9F-A394-EE88E0627012}.Debug|Any CPU.ActiveCfg = Debug|Any CPU
		{543E1861-23F5-4C9F-A394-EE88E0627012}.Debug|Any CPU.Build.0 = Debug|Any CPU
		{543E1861-23F5-4C9F-A394-EE88E0627012}.Release|Any CPU.ActiveCfg = Release|Any CPU
		{543E1861-23F5-4C9F-A394-EE88E0627012}.Release|Any CPU.Build.0 = Release|Any CPU
		{FDF651AF-4D2C-46C7-8D9A-9CD14B4A664A}.Debug|Any CPU.ActiveCfg = Debug|Any CPU
		{FDF651AF-4D2C-46C7-8D9A-9CD14B4A664A}.Debug|Any CPU.Build.0 = Debug|Any CPU
		{FDF651AF-4D2C-46C7-8D9A-9CD14B4A664A}.Release|Any CPU.ActiveCfg = Release|Any CPU
		{FDF651AF-4D2C-46C7-8D9A-9CD14B4A664A}.Release|Any CPU.Build.0 = Release|Any CPU
	EndGlobalSection
EndGlobal
