Microsoft Visual Studio Solution File, Format Version 12.00
# Visual Studio Version 17
VisualStudioVersion = 17.5.2.0
MinimumVisualStudioVersion = 10.0.40219.1
Project("{FAE04EC0-301F-11D3-BF4B-00C04F79EFBC}") = "S15con", "S15con\S15con.csproj", "{BB71CC17-08EC-E0B9-9FB1-91993886193F}"
EndProject
Global
	GlobalSection(SolutionConfigurationPlatforms) = preSolution
		Debug|Any CPU = Debug|Any CPU
		Release|Any CPU = Release|Any CPU
	EndGlobalSection
	GlobalSection(ProjectConfigurationPlatforms) = postSolution
		{BB71CC17-08EC-E0B9-9FB1-91993886193F}.Debug|Any CPU.ActiveCfg = Debug|Any CPU
		{BB71CC17-08EC-E0B9-9FB1-91993886193F}.Debug|Any CPU.Build.0 = Debug|Any CPU
		{BB71CC17-08EC-E0B9-9FB1-91993886193F}.Release|Any CPU.ActiveCfg = Release|Any CPU
		{BB71CC17-08EC-E0B9-9FB1-91993886193F}.Release|Any CPU.Build.0 = Release|Any CPU
	EndGlobalSection
	GlobalSection(SolutionProperties) = preSolution
		HideSolutionNode = FALSE
	EndGlobalSection
	GlobalSection(ExtensibilityGlobals) = postSolution
		SolutionGuid = {C745507E-BC1B-42B4-808B-3CB9A789D737}
	EndGlobalSection
EndGlobal
