Microsoft Visual Studio Solution File, Format Version 12.00
# Visual Studio Version 17
VisualStudioVersion = 17.5.2.0
MinimumVisualStudioVersion = 10.0.40219.1
Project("{FAE04EC0-301F-11D3-BF4B-00C04F79EFBC}") = "S24", "S24.csproj", "{4040B018-783E-B3C9-F8FC-0CB276DBE878}"
EndProject
Global
	GlobalSection(SolutionConfigurationPlatforms) = preSolution
		Debug|Any CPU = Debug|Any CPU
		Release|Any CPU = Release|Any CPU
	EndGlobalSection
	GlobalSection(ProjectConfigurationPlatforms) = postSolution
		{4040B018-783E-B3C9-F8FC-0CB276DBE878}.Debug|Any CPU.ActiveCfg = Debug|Any CPU
		{4040B018-783E-B3C9-F8FC-0CB276DBE878}.Debug|Any CPU.Build.0 = Debug|Any CPU
		{4040B018-783E-B3C9-F8FC-0CB276DBE878}.Release|Any CPU.ActiveCfg = Release|Any CPU
		{4040B018-783E-B3C9-F8FC-0CB276DBE878}.Release|Any CPU.Build.0 = Release|Any CPU
	EndGlobalSection
	GlobalSection(SolutionProperties) = preSolution
		HideSolutionNode = FALSE
	EndGlobalSection
	GlobalSection(ExtensibilityGlobals) = postSolution
		SolutionGuid = {366D8DEB-2B81-47F0-9077-66225B72BBF3}
	EndGlobalSection
EndGlobal
