Microsoft Visual Studio Solution File, Format Version 12.00
# Visual Studio Version 17
VisualStudioVersion = 17.5.2.0
MinimumVisualStudioVersion = 10.0.40219.1
Project("{FAE04EC0-301F-11D3-BF4B-00C04F79EFBC}") = "S28", "S28.csproj", "{D35DC235-F84D-FC33-3024-AE3C6F204674}"
EndProject
Global
	GlobalSection(SolutionConfigurationPlatforms) = preSolution
		Debug|Any CPU = Debug|Any CPU
		Release|Any CPU = Release|Any CPU
	EndGlobalSection
	GlobalSection(ProjectConfigurationPlatforms) = postSolution
		{D35DC235-F84D-FC33-3024-AE3C6F204674}.Debug|Any CPU.ActiveCfg = Debug|Any CPU
		{D35DC235-F84D-FC33-3024-AE3C6F204674}.Debug|Any CPU.Build.0 = Debug|Any CPU
		{D35DC235-F84D-FC33-3024-AE3C6F204674}.Release|Any CPU.ActiveCfg = Release|Any CPU
		{D35DC235-F84D-FC33-3024-AE3C6F204674}.Release|Any CPU.Build.0 = Release|Any CPU
	EndGlobalSection
	GlobalSection(SolutionProperties) = preSolution
		HideSolutionNode = FALSE
	EndGlobalSection
	GlobalSection(ExtensibilityGlobals) = postSolution
		SolutionGuid = {B9DD7C15-4891-422D-841F-ED09C1424A3D}
	EndGlobalSection
EndGlobal
