Microsoft Visual Studio Solution File, Format Version 12.00
# Visual Studio Version 17
VisualStudioVersion = 17.5.2.0
MinimumVisualStudioVersion = 10.0.40219.1
Project("{FAE04EC0-301F-11D3-BF4B-00C04F79EFBC}") = "S22", "S22.csproj", "{756C63F6-1FB4-FDC2-294F-12B3E4C75B44}"
EndProject
Global
	GlobalSection(SolutionConfigurationPlatforms) = preSolution
		Debug|Any CPU = Debug|Any CPU
		Release|Any CPU = Release|Any CPU
	EndGlobalSection
	GlobalSection(ProjectConfigurationPlatforms) = postSolution
		{756C63F6-1FB4-FDC2-294F-12B3E4C75B44}.Debug|Any CPU.ActiveCfg = Debug|Any CPU
		{756C63F6-1FB4-FDC2-294F-12B3E4C75B44}.Debug|Any CPU.Build.0 = Debug|Any CPU
		{756C63F6-1FB4-FDC2-294F-12B3E4C75B44}.Release|Any CPU.ActiveCfg = Release|Any CPU
		{756C63F6-1FB4-FDC2-294F-12B3E4C75B44}.Release|Any CPU.Build.0 = Release|Any CPU
	EndGlobalSection
	GlobalSection(SolutionProperties) = preSolution
		HideSolutionNode = FALSE
	EndGlobalSection
	GlobalSection(ExtensibilityGlobals) = postSolution
		SolutionGuid = {E572BDD3-24E3-4715-B70B-76CD9ACE460D}
	EndGlobalSection
EndGlobal
