
Microsoft Visual Studio Solution File, Format Version 12.00
# Visual Studio Version 17
VisualStudioVersion = 17.0.31903.59
MinimumVisualStudioVersion = 10.0.40219.1
Project("{FAE04EC0-301F-11D3-BF4B-00C04F79EFBC}") = "S11con", "S11con\S11con.csproj", "{2D5E2D5F-0174-498B-A767-92A68FB237A8}"
EndProject
Project("{FAE04EC0-301F-11D3-BF4B-00C04F79EFBC}") = "S11con.Test", "S11con.Test\S11con.Test.csproj", "{204E55F5-ABEA-4996-B3C7-6F51B92B7981}"
EndProject
Global
	GlobalSection(SolutionConfigurationPlatforms) = preSolution
		Debug|Any CPU = Debug|Any CPU
		Release|Any CPU = Release|Any CPU
	EndGlobalSection
	GlobalSection(SolutionProperties) = preSolution
		HideSolutionNode = FALSE
	EndGlobalSection
	GlobalSection(ProjectConfigurationPlatforms) = postSolution
		{2D5E2D5F-0174-498B-A767-92A68FB237A8}.Debug|Any CPU.ActiveCfg = Debug|Any CPU
		{2D5E2D5F-0174-498B-A767-92A68FB237A8}.Debug|Any CPU.Build.0 = Debug|Any CPU
		{2D5E2D5F-0174-498B-A767-92A68FB237A8}.Release|Any CPU.ActiveCfg = Release|Any CPU
		{2D5E2D5F-0174-498B-A767-92A68FB237A8}.Release|Any CPU.Build.0 = Release|Any CPU
		{204E55F5-ABEA-4996-B3C7-6F51B92B7981}.Debug|Any CPU.ActiveCfg = Debug|Any CPU
		{204E55F5-ABEA-4996-B3C7-6F51B92B7981}.Debug|Any CPU.Build.0 = Debug|Any CPU
		{204E55F5-ABEA-4996-B3C7-6F51B92B7981}.Release|Any CPU.ActiveCfg = Release|Any CPU
		{204E55F5-ABEA-4996-B3C7-6F51B92B7981}.Release|Any CPU.Build.0 = Release|Any CPU
	EndGlobalSection
EndGlobal
